
Microsoft Visual Studio Solution File, Format Version 12.00
# Visual Studio Version 17
VisualStudioVersion = 17.14.37203.1 d17.14
MinimumVisualStudioVersion = 10.0.40219.1
Project("{FAE04EC0-301F-11D3-BF4B-00C04F79EFBC}") = "Hospital_management_system", "Hospital_management_system\Hospital_management_system.csproj", "{EDA0EB35-26CA-405C-B4B7-31A58DF64860}"
EndProject
Global
	GlobalSection(SolutionConfigurationPlatforms) = preSolution
		Debug|Any CPU = Debug|Any CPU
		Release|Any CPU = Release|Any CPU
	EndGlobalSection
	GlobalSection(ProjectConfigurationPlatforms) = postSolution
		{EDA0EB35-26CA-405C-B4B7-31A58DF64860}.Debug|Any CPU.ActiveCfg = Debug|Any CPU
		{EDA0EB35-26CA-405C-B4B7-31A58DF64860}.Debug|Any CPU.Build.0 = Debug|Any CPU
		{EDA0EB35-26CA-405C-B4B7-31A58DF64860}.Release|Any CPU.ActiveCfg = Release|Any CPU
		{EDA0EB35-26CA-405C-B4B7-31A58DF64860}.Release|Any CPU.Build.0 = Release|Any CPU
	EndGlobalSection
	GlobalSection(SolutionProperties) = preSolution
		HideSolutionNode = FALSE
	EndGlobalSection
	GlobalSection(ExtensibilityGlobals) = postSolution
		SolutionGuid = {B9189248-9D45-43EF-A5F0-E2D2C268D2A4}
	EndGlobalSection
EndGlobal
